
Microsoft Visual Studio Solution File, Format Version 12.00
# Visual Studio Version 16
VisualStudioVersion = 16.0.29519.87
MinimumVisualStudioVersion = 10.0.40219.1
Project("{FAE04EC0-301F-11D3-BF4B-00C04F79EFBC}") = "Di", "Di\Di.csproj", "{7ADE1A05-4EE6-4790-B634-9649BBDA7B67}"
EndProject
Project("{FAE04EC0-301F-11D3-BF4B-00C04F79EFBC}") = "Core", "Core\Core.csproj", "{F340830F-CABC-439D-8684-05317D6DC13E}"
EndProject
Project("{FAE04EC0-301F-11D3-BF4B-00C04F79EFBC}") = "Mvc", "Mvc\Mvc.csproj", "{06552675-1F55-4C83-A25B-4658EBAC2822}"
EndProject
Project("{FAE04EC0-301F-11D3-BF4B-00C04F79EFBC}") = "Tests", "Tests\Tests.csproj", "{50D08F48-DD07-4C83-8ADC-17981D442455}"
EndProject
Project("{FAE04EC0-301F-11D3-BF4B-00C04F79EFBC}") = "Standard.Core", "Standard.Core\Standard.Core.csproj", "{36F0810A-42BC-4C33-959A-50A09017B0FD}"
EndProject
Global
	GlobalSection(SolutionConfigurationPlatforms) = preSolution
		Debug|Any CPU = Debug|Any CPU
		Release|Any CPU = Release|Any CPU
	EndGlobalSection
	GlobalSection(ProjectConfigurationPlatforms) = postSolution
		{7ADE1A05-4EE6-4790-B634-9649BBDA7B67}.Debug|Any CPU.ActiveCfg = Debug|Any CPU
		{7ADE1A05-4EE6-4790-B634-9649BBDA7B67}.Debug|Any CPU.Build.0 = Debug|Any CPU
		{7ADE1A05-4EE6-4790-B634-9649BBDA7B67}.Release|Any CPU.ActiveCfg = Release|Any CPU
		{7ADE1A05-4EE6-4790-B634-9649BBDA7B67}.Release|Any CPU.Build.0 = Release|Any CPU
		{F340830F-CABC-439D-8684-05317D6DC13E}.Debug|Any CPU.ActiveCfg = Debug|Any CPU
		{F340830F-CABC-439D-8684-05317D6DC13E}.Debug|Any CPU.Build.0 = Debug|Any CPU
		{F340830F-CABC-439D-8684-05317D6DC13E}.Release|Any CPU.ActiveCfg = Release|Any CPU
		{F340830F-CABC-439D-8684-05317D6DC13E}.Release|Any CPU.Build.0 = Release|Any CPU
		{06552675-1F55-4C83-A25B-4658EBAC2822}.Debug|Any CPU.ActiveCfg = Debug|Any CPU
		{06552675-1F55-4C83-A25B-4658EBAC2822}.Debug|Any CPU.Build.0 = Debug|Any CPU
		{06552675-1F55-4C83-A25B-4658EBAC2822}.Release|Any CPU.ActiveCfg = Release|Any CPU
		{06552675-1F55-4C83-A25B-4658EBAC2822}.Release|Any CPU.Build.0 = Release|Any CPU
		{50D08F48-DD07-4C83-8ADC-17981D442455}.Debug|Any CPU.ActiveCfg = Debug|Any CPU
		{50D08F48-DD07-4C83-8ADC-17981D442455}.Debug|Any CPU.Build.0 = Debug|Any CPU
		{50D08F48-DD07-4C83-8ADC-17981D442455}.Release|Any CPU.ActiveCfg = Release|Any CPU
		{50D08F48-DD07-4C83-8ADC-17981D442455}.Release|Any CPU.Build.0 = Release|Any CPU
		{36F0810A-42BC-4C33-959A-50A09017B0FD}.Debug|Any CPU.ActiveCfg = Debug|Any CPU
		{36F0810A-42BC-4C33-959A-50A09017B0FD}.Debug|Any CPU.Build.0 = Debug|Any CPU
		{36F0810A-42BC-4C33-959A-50A09017B0FD}.Release|Any CPU.ActiveCfg = Release|Any CPU
		{36F0810A-42BC-4C33-959A-50A09017B0FD}.Release|Any CPU.Build.0 = Release|Any CPU
	EndGlobalSection
	GlobalSection(SolutionProperties) = preSolution
		HideSolutionNode = FALSE
	EndGlobalSection
	GlobalSection(ExtensibilityGlobals) = postSolution
		SolutionGuid = {7E04A52D-B670-4E8D-9592-91139FF05BDA}
	EndGlobalSection
EndGlobal
