
Microsoft Visual Studio Solution File, Format Version 12.00
# Visual Studio Version 16
VisualStudioVersion = 16.0.29519.87
MinimumVisualStudioVersion = 10.0.40219.1
Project("{FAE04EC0-301F-11D3-BF4B-00C04F79EFBC}") = "Di", "Di\Di.csproj", "{7ADE1A05-4EE6-4790-B634-9649BBDA7B67}"
EndProject
Project("{FAE04EC0-301F-11D3-BF4B-00C04F79EFBC}") = "Core", "Core\Core.csproj", "{F340830F-CABC-439D-8684-05317D6DC13E}"
EndProject
Project("{FAE04EC0-301F-11D3-BF4B-00C04F79EFBC}") = "Mvc", "Mvc\Mvc.csproj", "{06552675-1F55-4C83-A25B-4658EBAC2822}"
EndProject
Project("{FAE04EC0-301F-11D3-BF4B-00C04F79EFBC}") = "Tests", "Tests\Tests.csproj", "{50D08F48-DD07-4C83-8ADC-17981D442455}"
EndProject
Project("{FAE04EC0-301F-11D3-BF4B-00C04F79EFBC}") = "Standard.Core", "Standard.Core\Standard.Core.csproj", "{36F0810A-42BC-4C33-959A-50A09017B0FD}"
EndProject
Project("{FAE04EC0-301F-11D3-BF4B-00C04F79EFBC}") = "Store", "Store\Store.csproj", "{6156FE2D-AC8F-43A9-8C59-3B4E66C4B0C8}"
EndProject
Project("{FAE04EC0-301F-11D3-BF4B-00C04F79EFBC}") = "WpfApp1", "WpfApp1\WpfApp1.csproj", "{70D145BE-FF4B-4622-BD8A-AEA4B6A9983A}"
EndProject
Project("{FAE04EC0-301F-11D3-BF4B-00C04F79EFBC}") = "WpfApp2", "WpfApp2\WpfApp2.csproj", "{64807DB5-0D7A-4FF5-8AB5-6B3A3BE42E58}"
EndProject
Project("{FAE04EC0-301F-11D3-BF4B-00C04F79EFBC}") = "Revit", "Revit\Revit.csproj", "{D35B3334-EB2E-4587-BA1E-BB71FED3881E}"
EndProject
Project("{FAE04EC0-301F-11D3-BF4B-00C04F79EFBC}") = "Mvc.Revit", "Mvc.Revit\Mvc.Revit.csproj", "{1902D3EA-F7F0-4EFA-8237-805859E794F5}"
EndProject
Global
	GlobalSection(SolutionConfigurationPlatforms) = preSolution
		Debug|Any CPU = Debug|Any CPU
		Debug|x64 = Debug|x64
		Release|Any CPU = Release|Any CPU
		Release|x64 = Release|x64
	EndGlobalSection
	GlobalSection(ProjectConfigurationPlatforms) = postSolution
		{7ADE1A05-4EE6-4790-B634-9649BBDA7B67}.Debug|Any CPU.ActiveCfg = Debug|Any CPU
		{7ADE1A05-4EE6-4790-B634-9649BBDA7B67}.Debug|Any CPU.Build.0 = Debug|Any CPU
		{7ADE1A05-4EE6-4790-B634-9649BBDA7B67}.Debug|x64.ActiveCfg = Debug|Any CPU
		{7ADE1A05-4EE6-4790-B634-9649BBDA7B67}.Debug|x64.Build.0 = Debug|Any CPU
		{7ADE1A05-4EE6-4790-B634-9649BBDA7B67}.Release|Any CPU.ActiveCfg = Release|Any CPU
		{7ADE1A05-4EE6-4790-B634-9649BBDA7B67}.Release|Any CPU.Build.0 = Release|Any CPU
		{7ADE1A05-4EE6-4790-B634-9649BBDA7B67}.Release|x64.ActiveCfg = Release|Any CPU
		{7ADE1A05-4EE6-4790-B634-9649BBDA7B67}.Release|x64.Build.0 = Release|Any CPU
		{F340830F-CABC-439D-8684-05317D6DC13E}.Debug|Any CPU.ActiveCfg = Debug|Any CPU
		{F340830F-CABC-439D-8684-05317D6DC13E}.Debug|Any CPU.Build.0 = Debug|Any CPU
		{F340830F-CABC-439D-8684-05317D6DC13E}.Debug|x64.ActiveCfg = Debug|Any CPU
		{F340830F-CABC-439D-8684-05317D6DC13E}.Debug|x64.Build.0 = Debug|Any CPU
		{F340830F-CABC-439D-8684-05317D6DC13E}.Release|Any CPU.ActiveCfg = Release|Any CPU
		{F340830F-CABC-439D-8684-05317D6DC13E}.Release|Any CPU.Build.0 = Release|Any CPU
		{F340830F-CABC-439D-8684-05317D6DC13E}.Release|x64.ActiveCfg = Release|Any CPU
		{F340830F-CABC-439D-8684-05317D6DC13E}.Release|x64.Build.0 = Release|Any CPU
		{06552675-1F55-4C83-A25B-4658EBAC2822}.Debug|Any CPU.ActiveCfg = Debug|Any CPU
		{06552675-1F55-4C83-A25B-4658EBAC2822}.Debug|Any CPU.Build.0 = Debug|Any CPU
		{06552675-1F55-4C83-A25B-4658EBAC2822}.Debug|x64.ActiveCfg = Debug|Any CPU
		{06552675-1F55-4C83-A25B-4658EBAC2822}.Debug|x64.Build.0 = Debug|Any CPU
		{06552675-1F55-4C83-A25B-4658EBAC2822}.Release|Any CPU.ActiveCfg = Release|Any CPU
		{06552675-1F55-4C83-A25B-4658EBAC2822}.Release|Any CPU.Build.0 = Release|Any CPU
		{06552675-1F55-4C83-A25B-4658EBAC2822}.Release|x64.ActiveCfg = Release|Any CPU
		{06552675-1F55-4C83-A25B-4658EBAC2822}.Release|x64.Build.0 = Release|Any CPU
		{50D08F48-DD07-4C83-8ADC-17981D442455}.Debug|Any CPU.ActiveCfg = Debug|Any CPU
		{50D08F48-DD07-4C83-8ADC-17981D442455}.Debug|Any CPU.Build.0 = Debug|Any CPU
		{50D08F48-DD07-4C83-8ADC-17981D442455}.Debug|x64.ActiveCfg = Debug|Any CPU
		{50D08F48-DD07-4C83-8ADC-17981D442455}.Debug|x64.Build.0 = Debug|Any CPU
		{50D08F48-DD07-4C83-8ADC-17981D442455}.Release|Any CPU.ActiveCfg = Release|Any CPU
		{50D08F48-DD07-4C83-8ADC-17981D442455}.Release|Any CPU.Build.0 = Release|Any CPU
		{50D08F48-DD07-4C83-8ADC-17981D442455}.Release|x64.ActiveCfg = Release|Any CPU
		{50D08F48-DD07-4C83-8ADC-17981D442455}.Release|x64.Build.0 = Release|Any CPU
		{36F0810A-42BC-4C33-959A-50A09017B0FD}.Debug|Any CPU.ActiveCfg = Debug|Any CPU
		{36F0810A-42BC-4C33-959A-50A09017B0FD}.Debug|Any CPU.Build.0 = Debug|Any CPU
		{36F0810A-42BC-4C33-959A-50A09017B0FD}.Debug|x64.ActiveCfg = Debug|Any CPU
		{36F0810A-42BC-4C33-959A-50A09017B0FD}.Release|Any CPU.ActiveCfg = Release|Any CPU
		{36F0810A-42BC-4C33-959A-50A09017B0FD}.Release|Any CPU.Build.0 = Release|Any CPU
		{36F0810A-42BC-4C33-959A-50A09017B0FD}.Release|x64.ActiveCfg = Release|Any CPU
		{6156FE2D-AC8F-43A9-8C59-3B4E66C4B0C8}.Debug|Any CPU.ActiveCfg = Debug|Any CPU
		{6156FE2D-AC8F-43A9-8C59-3B4E66C4B0C8}.Debug|Any CPU.Build.0 = Debug|Any CPU
		{6156FE2D-AC8F-43A9-8C59-3B4E66C4B0C8}.Debug|x64.ActiveCfg = Debug|Any CPU
		{6156FE2D-AC8F-43A9-8C59-3B4E66C4B0C8}.Debug|x64.Build.0 = Debug|Any CPU
		{6156FE2D-AC8F-43A9-8C59-3B4E66C4B0C8}.Release|Any CPU.ActiveCfg = Release|Any CPU
		{6156FE2D-AC8F-43A9-8C59-3B4E66C4B0C8}.Release|Any CPU.Build.0 = Release|Any CPU
		{6156FE2D-AC8F-43A9-8C59-3B4E66C4B0C8}.Release|x64.ActiveCfg = Release|Any CPU
		{6156FE2D-AC8F-43A9-8C59-3B4E66C4B0C8}.Release|x64.Build.0 = Release|Any CPU
		{70D145BE-FF4B-4622-BD8A-AEA4B6A9983A}.Debug|Any CPU.ActiveCfg = Debug|Any CPU
		{70D145BE-FF4B-4622-BD8A-AEA4B6A9983A}.Debug|Any CPU.Build.0 = Debug|Any CPU
		{70D145BE-FF4B-4622-BD8A-AEA4B6A9983A}.Debug|x64.ActiveCfg = Debug|Any CPU
		{70D145BE-FF4B-4622-BD8A-AEA4B6A9983A}.Release|Any CPU.ActiveCfg = Release|Any CPU
		{70D145BE-FF4B-4622-BD8A-AEA4B6A9983A}.Release|Any CPU.Build.0 = Release|Any CPU
		{70D145BE-FF4B-4622-BD8A-AEA4B6A9983A}.Release|x64.ActiveCfg = Release|Any CPU
		{64807DB5-0D7A-4FF5-8AB5-6B3A3BE42E58}.Debug|Any CPU.ActiveCfg = Debug|Any CPU
		{64807DB5-0D7A-4FF5-8AB5-6B3A3BE42E58}.Debug|Any CPU.Build.0 = Debug|Any CPU
		{64807DB5-0D7A-4FF5-8AB5-6B3A3BE42E58}.Debug|x64.ActiveCfg = Debug|Any CPU
		{64807DB5-0D7A-4FF5-8AB5-6B3A3BE42E58}.Release|Any CPU.ActiveCfg = Release|Any CPU
		{64807DB5-0D7A-4FF5-8AB5-6B3A3BE42E58}.Release|Any CPU.Build.0 = Release|Any CPU
		{64807DB5-0D7A-4FF5-8AB5-6B3A3BE42E58}.Release|x64.ActiveCfg = Release|Any CPU
		{D35B3334-EB2E-4587-BA1E-BB71FED3881E}.Debug|Any CPU.ActiveCfg = Debug|Any CPU
		{D35B3334-EB2E-4587-BA1E-BB71FED3881E}.Debug|Any CPU.Build.0 = Debug|Any CPU
		{D35B3334-EB2E-4587-BA1E-BB71FED3881E}.Debug|x64.ActiveCfg = Debug|x64
		{D35B3334-EB2E-4587-BA1E-BB71FED3881E}.Debug|x64.Build.0 = Debug|x64
		{D35B3334-EB2E-4587-BA1E-BB71FED3881E}.Release|Any CPU.ActiveCfg = Release|Any CPU
		{D35B3334-EB2E-4587-BA1E-BB71FED3881E}.Release|Any CPU.Build.0 = Release|Any CPU
		{D35B3334-EB2E-4587-BA1E-BB71FED3881E}.Release|x64.ActiveCfg = Release|x64
		{D35B3334-EB2E-4587-BA1E-BB71FED3881E}.Release|x64.Build.0 = Release|x64
		{1902D3EA-F7F0-4EFA-8237-805859E794F5}.Debug|Any CPU.ActiveCfg = Debug|Any CPU
		{1902D3EA-F7F0-4EFA-8237-805859E794F5}.Debug|Any CPU.Build.0 = Debug|Any CPU
		{1902D3EA-F7F0-4EFA-8237-805859E794F5}.Debug|x64.ActiveCfg = Debug|Any CPU
		{1902D3EA-F7F0-4EFA-8237-805859E794F5}.Debug|x64.Build.0 = Debug|Any CPU
		{1902D3EA-F7F0-4EFA-8237-805859E794F5}.Release|Any CPU.ActiveCfg = Release|Any CPU
		{1902D3EA-F7F0-4EFA-8237-805859E794F5}.Release|Any CPU.Build.0 = Release|Any CPU
		{1902D3EA-F7F0-4EFA-8237-805859E794F5}.Release|x64.ActiveCfg = Release|Any CPU
		{1902D3EA-F7F0-4EFA-8237-805859E794F5}.Release|x64.Build.0 = Release|Any CPU
	EndGlobalSection
	GlobalSection(SolutionProperties) = preSolution
		HideSolutionNode = FALSE
	EndGlobalSection
	GlobalSection(ExtensibilityGlobals) = postSolution
		SolutionGuid = {7E04A52D-B670-4E8D-9592-91139FF05BDA}
	EndGlobalSection
EndGlobal
